
Microsoft Visual Studio Solution File, Format Version 12.00
# Visual Studio 15
VisualStudioVersion = 15.0.26124.0
MinimumVisualStudioVersion = 15.0.26124.0
Project("{FAE04EC0-301F-11D3-BF4B-00C04F79EFBC}") = "Domain", "Domain\Domain.csproj", "{192C4563-361A-429E-86EF-9549664C2D62}"
EndProject
Project("{FAE04EC0-301F-11D3-BF4B-00C04F79EFBC}") = "Application", "Application\Application.csproj", "{0824A956-4F89-404F-85F7-5F5B00AF3B3D}"
EndProject
Project("{FAE04EC0-301F-11D3-BF4B-00C04F79EFBC}") = "Persistence", "Persistence\Persistence.csproj", "{9399DBF3-3B0C-4F5D-BB0B-272D13986581}"
EndProject
Project("{FAE04EC0-301F-11D3-BF4B-00C04F79EFBC}") = "API", "API\API.csproj", "{D2EC72F7-4E16-4A4B-9065-349A92B51076}"
EndProject
Global
	GlobalSection(SolutionConfigurationPlatforms) = preSolution
		Debug|Any CPU = Debug|Any CPU
		Debug|x64 = Debug|x64
		Debug|x86 = Debug|x86
		Release|Any CPU = Release|Any CPU
		Release|x64 = Release|x64
		Release|x86 = Release|x86
	EndGlobalSection
	GlobalSection(SolutionProperties) = preSolution
		HideSolutionNode = FALSE
	EndGlobalSection
	GlobalSection(ProjectConfigurationPlatforms) = postSolution
		{192C4563-361A-429E-86EF-9549664C2D62}.Debug|Any CPU.ActiveCfg = Debug|Any CPU
		{192C4563-361A-429E-86EF-9549664C2D62}.Debug|Any CPU.Build.0 = Debug|Any CPU
		{192C4563-361A-429E-86EF-9549664C2D62}.Debug|x64.ActiveCfg = Debug|Any CPU
		{192C4563-361A-429E-86EF-9549664C2D62}.Debug|x64.Build.0 = Debug|Any CPU
		{192C4563-361A-429E-86EF-9549664C2D62}.Debug|x86.ActiveCfg = Debug|Any CPU
		{192C4563-361A-429E-86EF-9549664C2D62}.Debug|x86.Build.0 = Debug|Any CPU
		{192C4563-361A-429E-86EF-9549664C2D62}.Release|Any CPU.ActiveCfg = Release|Any CPU
		{192C4563-361A-429E-86EF-9549664C2D62}.Release|Any CPU.Build.0 = Release|Any CPU
		{192C4563-361A-429E-86EF-9549664C2D62}.Release|x64.ActiveCfg = Release|Any CPU
		{192C4563-361A-429E-86EF-9549664C2D62}.Release|x64.Build.0 = Release|Any CPU
		{192C4563-361A-429E-86EF-9549664C2D62}.Release|x86.ActiveCfg = Release|Any CPU
		{192C4563-361A-429E-86EF-9549664C2D62}.Release|x86.Build.0 = Release|Any CPU
		{0824A956-4F89-404F-85F7-5F5B00AF3B3D}.Debug|Any CPU.ActiveCfg = Debug|Any CPU
		{0824A956-4F89-404F-85F7-5F5B00AF3B3D}.Debug|Any CPU.Build.0 = Debug|Any CPU
		{0824A956-4F89-404F-85F7-5F5B00AF3B3D}.Debug|x64.ActiveCfg = Debug|Any CPU
		{0824A956-4F89-404F-85F7-5F5B00AF3B3D}.Debug|x64.Build.0 = Debug|Any CPU
		{0824A956-4F89-404F-85F7-5F5B00AF3B3D}.Debug|x86.ActiveCfg = Debug|Any CPU
		{0824A956-4F89-404F-85F7-5F5B00AF3B3D}.Debug|x86.Build.0 = Debug|Any CPU
		{0824A956-4F89-404F-85F7-5F5B00AF3B3D}.Release|Any CPU.ActiveCfg = Release|Any CPU
		{0824A956-4F89-404F-85F7-5F5B00AF3B3D}.Release|Any CPU.Build.0 = Release|Any CPU
		{0824A956-4F89-404F-85F7-5F5B00AF3B3D}.Release|x64.ActiveCfg = Release|Any CPU
		{0824A956-4F89-404F-85F7-5F5B00AF3B3D}.Release|x64.Build.0 = Release|Any CPU
		{0824A956-4F89-404F-85F7-5F5B00AF3B3D}.Release|x86.ActiveCfg = Release|Any CPU
		{0824A956-4F89-404F-85F7-5F5B00AF3B3D}.Release|x86.Build.0 = Release|Any CPU
		{9399DBF3-3B0C-4F5D-BB0B-272D13986581}.Debug|Any CPU.ActiveCfg = Debug|Any CPU
		{9399DBF3-3B0C-4F5D-BB0B-272D13986581}.Debug|Any CPU.Build.0 = Debug|Any CPU
		{9399DBF3-3B0C-4F5D-BB0B-272D13986581}.Debug|x64.ActiveCfg = Debug|Any CPU
		{9399DBF3-3B0C-4F5D-BB0B-272D13986581}.Debug|x64.Build.0 = Debug|Any CPU
		{9399DBF3-3B0C-4F5D-BB0B-272D13986581}.Debug|x86.ActiveCfg = Debug|Any CPU
		{9399DBF3-3B0C-4F5D-BB0B-272D13986581}.Debug|x86.Build.0 = Debug|Any CPU
		{9399DBF3-3B0C-4F5D-BB0B-272D13986581}.Release|Any CPU.ActiveCfg = Release|Any CPU
		{9399DBF3-3B0C-4F5D-BB0B-272D13986581}.Release|Any CPU.Build.0 = Release|Any CPU
		{9399DBF3-3B0C-4F5D-BB0B-272D13986581}.Release|x64.ActiveCfg = Release|Any CPU
		{9399DBF3-3B0C-4F5D-BB0B-272D13986581}.Release|x64.Build.0 = Release|Any CPU
		{9399DBF3-3B0C-4F5D-BB0B-272D13986581}.Release|x86.ActiveCfg = Release|Any CPU
		{9399DBF3-3B0C-4F5D-BB0B-272D13986581}.Release|x86.Build.0 = Release|Any CPU
		{D2EC72F7-4E16-4A4B-9065-349A92B51076}.Debug|Any CPU.ActiveCfg = Debug|Any CPU
		{D2EC72F7-4E16-4A4B-9065-349A92B51076}.Debug|Any CPU.Build.0 = Debug|Any CPU
		{D2EC72F7-4E16-4A4B-9065-349A92B51076}.Debug|x64.ActiveCfg = Debug|Any CPU
		{D2EC72F7-4E16-4A4B-9065-349A92B51076}.Debug|x64.Build.0 = Debug|Any CPU
		{D2EC72F7-4E16-4A4B-9065-349A92B51076}.Debug|x86.ActiveCfg = Debug|Any CPU
		{D2EC72F7-4E16-4A4B-9065-349A92B51076}.Debug|x86.Build.0 = Debug|Any CPU
		{D2EC72F7-4E16-4A4B-9065-349A92B51076}.Release|Any CPU.ActiveCfg = Release|Any CPU
		{D2EC72F7-4E16-4A4B-9065-349A92B51076}.Release|Any CPU.Build.0 = Release|Any CPU
		{D2EC72F7-4E16-4A4B-9065-349A92B51076}.Release|x64.ActiveCfg = Release|Any CPU
		{D2EC72F7-4E16-4A4B-9065-349A92B51076}.Release|x64.Build.0 = Release|Any CPU
		{D2EC72F7-4E16-4A4B-9065-349A92B51076}.Release|x86.ActiveCfg = Release|Any CPU
		{D2EC72F7-4E16-4A4B-9065-349A92B51076}.Release|x86.Build.0 = Release|Any CPU
	EndGlobalSection
EndGlobal
